
Microsoft Visual Studio Solution File, Format Version 12.00
# Visual Studio Version 16
VisualStudioVersion = 16.0.31205.134
MinimumVisualStudioVersion = 10.0.40219.1
Project("{FAE04EC0-301F-11D3-BF4B-00C04F79EFBC}") = "TwitterStreamAggregator", "TwitterStreamAggregator.csproj", "{0F0FA5CD-616C-48C1-AA50-8E68501B735C}"
EndProject
Global
	GlobalSection(SolutionConfigurationPlatforms) = preSolution
		Debug|Any CPU = Debug|Any CPU
		Release|Any CPU = Release|Any CPU
	EndGlobalSection
	GlobalSection(ProjectConfigurationPlatforms) = postSolution
		{0F0FA5CD-616C-48C1-AA50-8E68501B735C}.Debug|Any CPU.ActiveCfg = Debug|Any CPU
		{0F0FA5CD-616C-48C1-AA50-8E68501B735C}.Debug|Any CPU.Build.0 = Debug|Any CPU
		{0F0FA5CD-616C-48C1-AA50-8E68501B735C}.Release|Any CPU.ActiveCfg = Release|Any CPU
		{0F0FA5CD-616C-48C1-AA50-8E68501B735C}.Release|Any CPU.Build.0 = Release|Any CPU
	EndGlobalSection
	GlobalSection(SolutionProperties) = preSolution
		HideSolutionNode = FALSE
	EndGlobalSection
	GlobalSection(ExtensibilityGlobals) = postSolution
		SolutionGuid = {625BBD62-219D-4547-AB7A-DE87EBCEF95E}
	EndGlobalSection
EndGlobal
